# This file is automatically @generated by Cargo.
# It is not intended for manual editing.
version = 3

[[package]]
name = "case"
version = "0.1.0"
dependencies = [
 "intra",
 "renounce",
]

[[package]]
name = "intra"
version = "0.1.0"
source = "git+https://www.github.com/verdex/intra?tag=release-0.1.0#d332400918b638fe81cb6442d850a0ed81d36176"

[[package]]
name = "renounce"
version = "0.3.0"
source = "git+https://www.github.com/verdex/renounce?tag=release-0.3.0#a963bf88f382a13488872062b82a96ff8889b41e"
